// !$*UTF8*$!
{
	archiveVersion = 1;
	classes = {
	};
	objectVersion = 50;
	objects = {

/* Begin PBXBuildFile section */
		7C97D6EA26FEB3EA002B33FA /* big_red_hacks_2021App.swift in Sources */ = {isa = PBXBuildFile; fileRef = 7C97D6E926FEB3EA002B33FA /* big_red_hacks_2021App.swift */; };
		7C97D6EC26FEB3EA002B33FA /* ContentView.swift in Sources */ = {isa = PBXBuildFile; fileRef = 7C97D6EB26FEB3EA002B33FA /* ContentView.swift */; };
		7C97D6EE26FEB3F4002B33FA /* Assets.xcassets in Resources */ = {isa = PBXBuildFile; fileRef = 7C97D6ED26FEB3F4002B33FA /* Assets.xcassets */; };
		7C97D6F126FEB3F4002B33FA /* Preview Assets.xcassets in Resources */ = {isa = PBXBuildFile; fileRef = 7C97D6F026FEB3F4002B33FA /* Preview Assets.xcassets */; };
		7CB6038A26FF8D6100D830BE /* PostView.swift in Sources */ = {isa = PBXBuildFile; fileRef = 7CB6038926FF8D6100D830BE /* PostView.swift */; };
		7CB6038E26FF8D9100D830BE /* DiscoverView.swift in Sources */ = {isa = PBXBuildFile; fileRef = 7CB6038D26FF8D9100D830BE /* DiscoverView.swift */; };
		7CB6039226FF8F5D00D830BE /* ProfileView.swift in Sources */ = {isa = PBXBuildFile; fileRef = 7CB6039126FF8F5D00D830BE /* ProfileView.swift */; };
/* End PBXBuildFile section */

/* Begin PBXFileReference section */
		7C97D6E626FEB3EA002B33FA /* big-red-hacks-2021.app */ = {isa = PBXFileReference; explicitFileType = wrapper.application; includeInIndex = 0; path = "big-red-hacks-2021.app"; sourceTree = BUILT_PRODUCTS_DIR; };
		7C97D6E926FEB3EA002B33FA /* big_red_hacks_2021App.swift */ = {isa = PBXFileReference; lastKnownFileType = sourcecode.swift; path = big_red_hacks_2021App.swift; sourceTree = "<group>"; };
		7C97D6EB26FEB3EA002B33FA /* ContentView.swift */ = {isa = PBXFileReference; lastKnownFileType = sourcecode.swift; path = ContentView.swift; sourceTree = "<group>"; };
		7C97D6ED26FEB3F4002B33FA /* Assets.xcassets */ = {isa = PBXFileReference; lastKnownFileType = folder.assetcatalog; path = Assets.xcassets; sourceTree = "<group>"; };
		7C97D6F026FEB3F4002B33FA /* Preview Assets.xcassets */ = {isa = PBXFileReference; lastKnownFileType = folder.assetcatalog; path = "Preview Assets.xcassets"; sourceTree = "<group>"; };
		7C97D6F226FEB3F4002B33FA /* Info.plist */ = {isa = PBXFileReference; lastKnownFileType = text.plist.xml; path = Info.plist; sourceTree = "<group>"; };
		7CB6038926FF8D6100D830BE /* PostView.swift */ = {isa = PBXFileReference; lastKnownFileType = sourcecode.swift; path = PostView.swift; sourceTree = "<group>"; };
		7CB6038D26FF8D9100D830BE /* DiscoverView.swift */ = {isa = PBXFileReference; lastKnownFileType = sourcecode.swift; path = DiscoverView.swift; sourceTree = "<group>"; };
		7CB6039126FF8F5D00D830BE /* ProfileView.swift */ = {isa = PBXFileReference; lastKnownFileType = sourcecode.swift; path = ProfileView.swift; sourceTree = "<group>"; };
/* End PBXFileReference section */

/* Begin PBXFrameworksBuildPhase section */
		7C97D6E326FEB3EA002B33FA /* Frameworks */ = {
			isa = PBXFrameworksBuildPhase;
			buildActionMask = 2147483647;
			files = (
			);
			runOnlyForDeploymentPostprocessing = 0;
		};
/* End PBXFrameworksBuildPhase section */

/* Begin PBXGroup section */
		7C97D6DD26FEB3EA002B33FA = {
			isa = PBXGroup;
			children = (
				7C97D6E826FEB3EA002B33FA /* big-red-hacks-2021 */,
				7C97D6E726FEB3EA002B33FA /* Products */,
			);
			sourceTree = "<group>";
		};
		7C97D6E726FEB3EA002B33FA /* Products */ = {
			isa = PBXGroup;
			children = (
				7C97D6E626FEB3EA002B33FA /* big-red-hacks-2021.app */,
			);
			name = Products;
			sourceTree = "<group>";
		};
		7C97D6E826FEB3EA002B33FA /* big-red-hacks-2021 */ = {
			isa = PBXGroup;
			children = (
				7CB6038426FF8CD200D830BE /* PostTab */,
				7CB6038326FF8CC100D830BE /* DiscoverTab */,
				7C97D6E926FEB3EA002B33FA /* big_red_hacks_2021App.swift */,
				7C97D6EB26FEB3EA002B33FA /* ContentView.swift */,
				7C97D6ED26FEB3F4002B33FA /* Assets.xcassets */,
				7C97D6F226FEB3F4002B33FA /* Info.plist */,
				7C97D6EF26FEB3F4002B33FA /* Preview Content */,
			);
			path = "big-red-hacks-2021";
			sourceTree = "<group>";
		};
		7C97D6EF26FEB3F4002B33FA /* Preview Content */ = {
			isa = PBXGroup;
			children = (
				7C97D6F026FEB3F4002B33FA /* Preview Assets.xcassets */,
			);
			path = "Preview Content";
			sourceTree = "<group>";
		};
		7CB6038326FF8CC100D830BE /* DiscoverTab */ = {
			isa = PBXGroup;
			children = (
				7CB6038D26FF8D9100D830BE /* DiscoverView.swift */,
				7CB6039126FF8F5D00D830BE /* ProfileView.swift */,
			);
			path = DiscoverTab;
			sourceTree = "<group>";
		};
		7CB6038426FF8CD200D830BE /* PostTab */ = {
			isa = PBXGroup;
			children = (
				7CB6038926FF8D6100D830BE /* PostView.swift */,
			);
			path = PostTab;
			sourceTree = "<group>";
		};
/* End PBXGroup section */

/* Begin PBXNativeTarget section */
		7C97D6E526FEB3EA002B33FA /* big-red-hacks-2021 */ = {
			isa = PBXNativeTarget;
			buildConfigurationList = 7C97D6F526FEB3F4002B33FA /* Build configuration list for PBXNativeTarget "big-red-hacks-2021" */;
			buildPhases = (
				7C97D6E226FEB3EA002B33FA /* Sources */,
				7C97D6E326FEB3EA002B33FA /* Frameworks */,
				7C97D6E426FEB3EA002B33FA /* Resources */,
			);
			buildRules = (
			);
			dependencies = (
			);
			name = "big-red-hacks-2021";
			productName = "big-red-hacks-2021";
			productReference = 7C97D6E626FEB3EA002B33FA /* big-red-hacks-2021.app */;
			productType = "com.apple.product-type.application";
		};
/* End PBXNativeTarget section */

/* Begin PBXProject section */
		7C97D6DE26FEB3EA002B33FA /* Project object */ = {
			isa = PBXProject;
			attributes = {
				LastSwiftUpdateCheck = 1230;
				LastUpgradeCheck = 1230;
				TargetAttributes = {
					7C97D6E526FEB3EA002B33FA = {
						CreatedOnToolsVersion = 12.3;
					};
				};
			};
			buildConfigurationList = 7C97D6E126FEB3EA002B33FA /* Build configuration list for PBXProject "big-red-hacks-2021" */;
			compatibilityVersion = "Xcode 9.3";
			developmentRegion = en;
			hasScannedForEncodings = 0;
			knownRegions = (
				en,
				Base,
			);
			mainGroup = 7C97D6DD26FEB3EA002B33FA;
			productRefGroup = 7C97D6E726FEB3EA002B33FA /* Products */;
			projectDirPath = "";
			projectRoot = "";
			targets = (
				7C97D6E526FEB3EA002B33FA /* big-red-hacks-2021 */,
			);
		};
/* End PBXProject section */

/* Begin PBXResourcesBuildPhase section */
		7C97D6E426FEB3EA002B33FA /* Resources */ = {
			isa = PBXResourcesBuildPhase;
			buildActionMask = 2147483647;
			files = (
				7C97D6F126FEB3F4002B33FA /* Preview Assets.xcassets in Resources */,
				7C97D6EE26FEB3F4002B33FA /* Assets.xcassets in Resources */,
			);
			runOnlyForDeploymentPostprocessing = 0;
		};
/* End PBXResourcesBuildPhase section */

/* Begin PBXSourcesBuildPhase section */
		7C97D6E226FEB3EA002B33FA /* Sources */ = {
			isa = PBXSourcesBuildPhase;
			buildActionMask = 2147483647;
			files = (
				7C97D6EC26FEB3EA002B33FA /* ContentView.swift in Sources */,
				7C97D6EA26FEB3EA002B33FA /* big_red_hacks_2021App.swift in Sources */,
				7CB6039226FF8F5D00D830BE /* ProfileView.swift in Sources */,
				7CB6038A26FF8D6100D830BE /* PostView.swift in Sources */,
				7CB6038E26FF8D9100D830BE /* DiscoverView.swift in Sources */,
			);
			runOnlyForDeploymentPostprocessing = 0;
		};
/* End PBXSourcesBuildPhase section */

/* Begin XCBuildConfiguration section */
		7C97D6F326FEB3F4002B33FA /* Debug */ = {
			isa = XCBuildConfiguration;
			buildSettings = {
				ALWAYS_SEARCH_USER_PATHS = NO;
				CLANG_ANALYZER_NONNULL = YES;
				CLANG_ANALYZER_NUMBER_OBJECT_CONVERSION = YES_AGGRESSIVE;
				CLANG_CXX_LANGUAGE_STANDARD = "gnu++14";
				CLANG_CXX_LIBRARY = "libc++";
				CLANG_ENABLE_MODULES = YES;
				CLANG_ENABLE_OBJC_ARC = YES;
				CLANG_ENABLE_OBJC_WEAK = YES;
				CLANG_WARN_BLOCK_CAPTURE_AUTORELEASING = YES;
				CLANG_WARN_BOOL_CONVERSION = YES;
				CLANG_WARN_COMMA = YES;
				CLANG_WARN_CONSTANT_CONVERSION = YES;
				CLANG_WARN_DEPRECATED_OBJC_IMPLEMENTATIONS = YES;
				CLANG_WARN_DIRECT_OBJC_ISA_USAGE = YES_ERROR;
				CLANG_WARN_DOCUMENTATION_COMMENTS = YES;
				CLANG_WARN_EMPTY_BODY = YES;
				CLANG_WARN_ENUM_CONVERSION = YES;
				CLANG_WARN_INFINITE_RECURSION = YES;
				CLANG_WARN_INT_CONVERSION = YES;
				CLANG_WARN_NON_LITERAL_NULL_CONVERSION = YES;
				CLANG_WARN_OBJC_IMPLICIT_RETAIN_SELF = YES;
				CLANG_WARN_OBJC_LITERAL_CONVERSION = YES;
				CLANG_WARN_OBJC_ROOT_CLASS = YES_ERROR;
				CLANG_WARN_QUOTED_INCLUDE_IN_FRAMEWORK_HEADER = YES;
				CLANG_WARN_RANGE_LOOP_ANALYSIS = YES;
				CLANG_WARN_STRICT_PROTOTYPES = YES;
				CLANG_WARN_SUSPICIOUS_MOVE = YES;
				CLANG_WARN_UNGUARDED_AVAILABILITY = YES_AGGRESSIVE;
				CLANG_WARN_UNREACHABLE_CODE = YES;
				CLANG_WARN__DUPLICATE_METHOD_MATCH = YES;
				COPY_PHASE_STRIP = NO;
				DEBUG_INFORMATION_FORMAT = dwarf;
				ENABLE_STRICT_OBJC_MSGSEND = YES;
				ENABLE_TESTABILITY = YES;
				GCC_C_LANGUAGE_STANDARD = gnu11;
				GCC_DYNAMIC_NO_PIC = NO;
				GCC_NO_COMMON_BLOCKS = YES;
				GCC_OPTIMIZATION_LEVEL = 0;
				GCC_PREPROCESSOR_DEFINITIONS = (
					"DEBUG=1",
					"$(inherited)",
				);
				GCC_WARN_64_TO_32_BIT_CONVERSION = YES;
				GCC_WARN_ABOUT_RETURN_TYPE = YES_ERROR;
				GCC_WARN_UNDECLARED_SELECTOR = YES;
				GCC_WARN_UNINITIALIZED_AUTOS = YES_AGGRESSIVE;
				GCC_WARN_UNUSED_FUNCTION = YES;
				GCC_WARN_UNUSED_VARIABLE = YES;
				IPHONEOS_DEPLOYMENT_TARGET = 14.3;
				MTL_ENABLE_DEBUG_INFO = INCLUDE_SOURCE;
				MTL_FAST_MATH = YES;
				ONLY_ACTIVE_ARCH = YES;
				SDKROOT = iphoneos;
				SWIFT_ACTIVE_COMPILATION_CONDITIONS = DEBUG;
				SWIFT_OPTIMIZATION_LEVEL = "-Onone";
			};
			name = Debug;
		};
		7C97D6F426FEB3F4002B33FA /* Release */ = {
			isa = XCBuildConfiguration;
			buildSettings = {
				ALWAYS_SEARCH_USER_PATHS = NO;
				CLANG_ANALYZER_NONNULL = YES;
				CLANG_ANALYZER_NUMBER_OBJECT_CONVERSION = YES_AGGRESSIVE;
				CLANG_CXX_LANGUAGE_STANDARD = "gnu++14";
				CLANG_CXX_LIBRARY = "libc++";
				CLANG_ENABLE_MODULES = YES;
				CLANG_ENABLE_OBJC_ARC = YES;
				CLANG_ENABLE_OBJC_WEAK = YES;
				CLANG_WARN_BLOCK_CAPTURE_AUTORELEASING = YES;
				CLANG_WARN_BOOL_CONVERSION = YES;
				CLANG_WARN_COMMA = YES;
				CLANG_WARN_CONSTANT_CONVERSION = YES;
				CLANG_WARN_DEPRECATED_OBJC_IMPLEMENTATIONS = YES;
				CLANG_WARN_DIRECT_OBJC_ISA_USAGE = YES_ERROR;
				CLANG_WARN_DOCUMENTATION_COMMENTS = YES;
				CLANG_WARN_EMPTY_BODY = YES;
				CLANG_WARN_ENUM_CONVERSION = YES;
				CLANG_WARN_INFINITE_RECURSION = YES;
				CLANG_WARN_INT_CONVERSION = YES;
				CLANG_WARN_NON_LITERAL_NULL_CONVERSION = YES;
				CLANG_WARN_OBJC_IMPLICIT_RETAIN_SELF = YES;
				CLANG_WARN_OBJC_LITERAL_CONVERSION = YES;
				CLANG_WARN_OBJC_ROOT_CLASS = YES_ERROR;
				CLANG_WARN_QUOTED_INCLUDE_IN_FRAMEWORK_HEADER = YES;
				CLANG_WARN_RANGE_LOOP_ANALYSIS = YES;
				CLANG_WARN_STRICT_PROTOTYPES = YES;
				CLANG_WARN_SUSPICIOUS_MOVE = YES;
				CLANG_WARN_UNGUARDED_AVAILABILITY = YES_AGGRESSIVE;
				CLANG_WARN_UNREACHABLE_CODE = YES;
				CLANG_WARN__DUPLICATE_METHOD_MATCH = YES;
				COPY_PHASE_STRIP = NO;
				DEBUG_INFORMATION_FORMAT = "dwarf-with-dsym";
				ENABLE_NS_ASSERTIONS = NO;
				ENABLE_STRICT_OBJC_MSGSEND = YES;
				GCC_C_LANGUAGE_STANDARD = gnu11;
				GCC_NO_COMMON_BLOCKS = YES;
				GCC_WARN_64_TO_32_BIT_CONVERSION = YES;
				GCC_WARN_ABOUT_RETURN_TYPE = YES_ERROR;
				GCC_WARN_UNDECLARED_SELECTOR = YES;
				GCC_WARN_UNINITIALIZED_AUTOS = YES_AGGRESSIVE;
				GCC_WARN_UNUSED_FUNCTION = YES;
				GCC_WARN_UNUSED_VARIABLE = YES;
				IPHONEOS_DEPLOYMENT_TARGET = 14.3;
				MTL_ENABLE_DEBUG_INFO = NO;
				MTL_FAST_MATH = YES;
				SDKROOT = iphoneos;
				SWIFT_COMPILATION_MODE = wholemodule;
				SWIFT_OPTIMIZATION_LEVEL = "-O";
				VALIDATE_PRODUCT = YES;
			};
			name = Release;
		};
		7C97D6F626FEB3F4002B33FA /* Debug */ = {
			isa = XCBuildConfiguration;
			buildSettings = {
				ASSETCATALOG_COMPILER_APPICON_NAME = AppIcon;
				ASSETCATALOG_COMPILER_GLOBAL_ACCENT_COLOR_NAME = AccentColor;
				CODE_SIGN_STYLE = Automatic;
				DEVELOPMENT_ASSET_PATHS = "\"big-red-hacks-2021/Preview Content\"";
				DEVELOPMENT_TEAM = U2T6JZPA8A;
				ENABLE_PREVIEWS = YES;
				INFOPLIST_FILE = "big-red-hacks-2021/Info.plist";
				IPHONEOS_DEPLOYMENT_TARGET = 14.0;
				LD_RUNPATH_SEARCH_PATHS = (
					"$(inherited)",
					"@executable_path/Frameworks",
				);
				PRODUCT_BUNDLE_IDENTIFIER = "edu.cornell.zl755.big-red-hacks-2021";
				PRODUCT_NAME = "$(TARGET_NAME)";
				SWIFT_VERSION = 5.0;
				TARGETED_DEVICE_FAMILY = "1,2";
			};
			name = Debug;
		};
		7C97D6F726FEB3F4002B33FA /* Release */ = {
			isa = XCBuildConfiguration;
			buildSettings = {
				ASSETCATALOG_COMPILER_APPICON_NAME = AppIcon;
				ASSETCATALOG_COMPILER_GLOBAL_ACCENT_COLOR_NAME = AccentColor;
				CODE_SIGN_STYLE = Automatic;
				DEVELOPMENT_ASSET_PATHS = "\"big-red-hacks-2021/Preview Content\"";
				DEVELOPMENT_TEAM = U2T6JZPA8A;
				ENABLE_PREVIEWS = YES;
				INFOPLIST_FILE = "big-red-hacks-2021/Info.plist";
				IPHONEOS_DEPLOYMENT_TARGET = 14.0;
				LD_RUNPATH_SEARCH_PATHS = (
					"$(inherited)",
					"@executable_path/Frameworks",
				);
				PRODUCT_BUNDLE_IDENTIFIER = "edu.cornell.zl755.big-red-hacks-2021";
				PRODUCT_NAME = "$(TARGET_NAME)";
				SWIFT_VERSION = 5.0;
				TARGETED_DEVICE_FAMILY = "1,2";
			};
			name = Release;
		};
/* End XCBuildConfiguration section */

/* Begin XCConfigurationList section */
		7C97D6E126FEB3EA002B33FA /* Build configuration list for PBXProject "big-red-hacks-2021" */ = {
			isa = XCConfigurationList;
			buildConfigurations = (
				7C97D6F326FEB3F4002B33FA /* Debug */,
				7C97D6F426FEB3F4002B33FA /* Release */,
			);
			defaultConfigurationIsVisible = 0;
			defaultConfigurationName = Release;
		};
		7C97D6F526FEB3F4002B33FA /* Build configuration list for PBXNativeTarget "big-red-hacks-2021" */ = {
			isa = XCConfigurationList;
			buildConfigurations = (
				7C97D6F626FEB3F4002B33FA /* Debug */,
				7C97D6F726FEB3F4002B33FA /* Release */,
			);
			defaultConfigurationIsVisible = 0;
			defaultConfigurationName = Release;
		};
/* End XCConfigurationList section */
	};
	rootObject = 7C97D6DE26FEB3EA002B33FA /* Project object */;
}
